
Microsoft Visual Studio Solution File, Format Version 12.00
# Visual Studio Version 17
VisualStudioVersion = 17.11.35327.3
MinimumVisualStudioVersion = 10.0.40219.1
Project("{FAE04EC0-301F-11D3-BF4B-00C04F79EFBC}") = "PROG7311_PART_2", "PROG7311_PART_2.csproj", "{3898A2DE-73F8-41DD-B1BA-71EA48931145}"
EndProject
Global
	GlobalSection(SolutionConfigurationPlatforms) = preSolution
		Debug|Any CPU = Debug|Any CPU
		Release|Any CPU = Release|Any CPU
	EndGlobalSection
	GlobalSection(ProjectConfigurationPlatforms) = postSolution
		{3898A2DE-73F8-41DD-B1BA-71EA48931145}.Debug|Any CPU.ActiveCfg = Debug|Any CPU
		{3898A2DE-73F8-41DD-B1BA-71EA48931145}.Debug|Any CPU.Build.0 = Debug|Any CPU
		{3898A2DE-73F8-41DD-B1BA-71EA48931145}.Release|Any CPU.ActiveCfg = Release|Any CPU
		{3898A2DE-73F8-41DD-B1BA-71EA48931145}.Release|Any CPU.Build.0 = Release|Any CPU
	EndGlobalSection
	GlobalSection(SolutionProperties) = preSolution
		HideSolutionNode = FALSE
	EndGlobalSection
	GlobalSection(ExtensibilityGlobals) = postSolution
		SolutionGuid = {9DF777D0-D1FA-4318-B308-58B94EE78FA6}
	EndGlobalSection
EndGlobal
